
Microsoft Visual Studio Solution File, Format Version 12.00
# Visual Studio Version 16
VisualStudioVersion = 16.0.31624.102
MinimumVisualStudioVersion = 10.0.40219.1
Project("{FAE04EC0-301F-11D3-BF4B-00C04F79EFBC}") = "LoginRegistroUsuarios", "LoginRegistroUsuarios.csproj", "{4604DC70-ED5F-4F09-8263-7487C00116C8}"
EndProject
Global
	GlobalSection(SolutionConfigurationPlatforms) = preSolution
		Debug|Any CPU = Debug|Any CPU
		Release|Any CPU = Release|Any CPU
	EndGlobalSection
	GlobalSection(ProjectConfigurationPlatforms) = postSolution
		{4604DC70-ED5F-4F09-8263-7487C00116C8}.Debug|Any CPU.ActiveCfg = Debug|Any CPU
		{4604DC70-ED5F-4F09-8263-7487C00116C8}.Debug|Any CPU.Build.0 = Debug|Any CPU
		{4604DC70-ED5F-4F09-8263-7487C00116C8}.Release|Any CPU.ActiveCfg = Release|Any CPU
		{4604DC70-ED5F-4F09-8263-7487C00116C8}.Release|Any CPU.Build.0 = Release|Any CPU
	EndGlobalSection
	GlobalSection(SolutionProperties) = preSolution
		HideSolutionNode = FALSE
	EndGlobalSection
	GlobalSection(ExtensibilityGlobals) = postSolution
		SolutionGuid = {8192CA88-FECB-4005-8601-B68314B5E834}
	EndGlobalSection
EndGlobal
